
Microsoft Visual Studio Solution File, Format Version 12.00
# Visual Studio 15
VisualStudioVersion = 15.0.28307.438
MinimumVisualStudioVersion = 10.0.40219.1
Project("{FAE04EC0-301F-11D3-BF4B-00C04F79EFBC}") = "ASP.NET Core 2.2 with Angular 71", "ASP.NET Core 2.2 with Angular 71\ASP.NET Core 2.2 with Angular 71.csproj", "{D90F5A70-F6EA-4871-BB5E-13A435C0EB4D}"
EndProject
Global
	GlobalSection(SolutionConfigurationPlatforms) = preSolution
		Debug|Any CPU = Debug|Any CPU
		Release|Any CPU = Release|Any CPU
	EndGlobalSection
	GlobalSection(ProjectConfigurationPlatforms) = postSolution
		{D90F5A70-F6EA-4871-BB5E-13A435C0EB4D}.Debug|Any CPU.ActiveCfg = Debug|Any CPU
		{D90F5A70-F6EA-4871-BB5E-13A435C0EB4D}.Debug|Any CPU.Build.0 = Debug|Any CPU
		{D90F5A70-F6EA-4871-BB5E-13A435C0EB4D}.Release|Any CPU.ActiveCfg = Release|Any CPU
		{D90F5A70-F6EA-4871-BB5E-13A435C0EB4D}.Release|Any CPU.Build.0 = Release|Any CPU
	EndGlobalSection
	GlobalSection(SolutionProperties) = preSolution
		HideSolutionNode = FALSE
	EndGlobalSection
	GlobalSection(ExtensibilityGlobals) = postSolution
		SolutionGuid = {74D5B24C-FBB7-4BE2-8712-E01F98136A4D}
	EndGlobalSection
EndGlobal
